
Microsoft Visual Studio Solution File, Format Version 12.00
# Visual Studio Version 17
VisualStudioVersion = 17.5.33209.295
MinimumVisualStudioVersion = 10.0.40219.1
Project("{FAE04EC0-301F-11D3-BF4B-00C04F79EFBC}") = "Ascendance", "Ascendance\Ascendance.csproj", "{179E2917-F8F9-44D5-9F60-E3BF24A40D73}"
EndProject
Global
	GlobalSection(SolutionConfigurationPlatforms) = preSolution
		Debug|Any CPU = Debug|Any CPU
		Release|Any CPU = Release|Any CPU
	EndGlobalSection
	GlobalSection(ProjectConfigurationPlatforms) = postSolution
		{179E2917-F8F9-44D5-9F60-E3BF24A40D73}.Debug|Any CPU.ActiveCfg = Debug|Any CPU
		{179E2917-F8F9-44D5-9F60-E3BF24A40D73}.Debug|Any CPU.Build.0 = Debug|Any CPU
		{179E2917-F8F9-44D5-9F60-E3BF24A40D73}.Release|Any CPU.ActiveCfg = Release|Any CPU
		{179E2917-F8F9-44D5-9F60-E3BF24A40D73}.Release|Any CPU.Build.0 = Release|Any CPU
	EndGlobalSection
	GlobalSection(SolutionProperties) = preSolution
		HideSolutionNode = FALSE
	EndGlobalSection
	GlobalSection(ExtensibilityGlobals) = postSolution
		SolutionGuid = {CBC38722-48A3-442D-8638-0900AC8469FE}
	EndGlobalSection
EndGlobal
